
Microsoft Visual Studio Solution File, Format Version 12.00
# Visual Studio 15
VisualStudioVersion = 15.0.28307.1022
MinimumVisualStudioVersion = 10.0.40219.1
Project("{9A19103F-16F7-4668-BE54-9A1E7A4F7556}") = "Robot.Start", "Robot.Start\Robot.Start.csproj", "{6F26D7FF-6395-42D4-87FE-617A37D59897}"
EndProject
Project("{9A19103F-16F7-4668-BE54-9A1E7A4F7556}") = "Robot.MessageBus", "Robot.MessageBus\Robot.MessageBus.csproj", "{EDDA41AB-A4D3-4F36-B9B0-818309CAEED6}"
EndProject
Project("{2150E333-8FDC-42A3-9474-1A3956D46DE8}") = "Infrastructure", "Infrastructure", "{FCA06C07-D9A6-44C5-8201-896676E417A5}"
EndProject
Project("{9A19103F-16F7-4668-BE54-9A1E7A4F7556}") = "Robot.Drivers", "Robot.Drivers\Robot.Drivers.csproj", "{E0543400-38E1-46A6-938C-694C1E11724D}"
EndProject
Project("{9A19103F-16F7-4668-BE54-9A1E7A4F7556}") = "Robot.Controllers", "Robot.Controllers\Robot.Controllers.csproj", "{8A59BCBC-D725-4CA2-B78B-7A568A00E3F9}"
EndProject
Project("{9A19103F-16F7-4668-BE54-9A1E7A4F7556}") = "Robot.Reactive", "Robot.Reactive\Robot.Reactive.csproj", "{6EF98771-79E9-45DF-ABDD-4A0742FDE53F}"
EndProject
Project("{9A19103F-16F7-4668-BE54-9A1E7A4F7556}") = "Robot.Behaviors", "Robot.Behaviors\Robot.Behaviors.csproj", "{FA9E89F7-7CF8-4B8E-AB3B-CFEC71669ED8}"
EndProject
Project("{F088123C-0E9E-452A-89E6-6BA2F21D5CAC}") = "DependencyValidation1", "DependencyValidation1\DependencyValidation1.modelproj", "{DEBC8249-761C-4634-B940-2D306D6738C9}"
EndProject
Project("{2150E333-8FDC-42A3-9474-1A3956D46DE8}") = "Layer.Behavioral", "Layer.Behavioral", "{4083A87A-004A-444B-9971-23B88BB84530}"
EndProject
Project("{2150E333-8FDC-42A3-9474-1A3956D46DE8}") = "Layer.Reactive", "Layer.Reactive", "{B819BB84-432D-4487-B9EC-757D7C2F7F0B}"
EndProject
Project("{2150E333-8FDC-42A3-9474-1A3956D46DE8}") = "Layer.Control", "Layer.Control", "{2E439970-7622-45C8-9437-67BF599B3635}"
EndProject
Project("{9A19103F-16F7-4668-BE54-9A1E7A4F7556}") = "Robot.Utils", "Robot.Utils\Robot.Utils.csproj", "{31957E91-7F71-4AEE-8FD8-1311050E41D2}"
EndProject
Global
	GlobalSection(SolutionConfigurationPlatforms) = preSolution
		Debug|Any CPU = Debug|Any CPU
		Release|Any CPU = Release|Any CPU
	EndGlobalSection
	GlobalSection(ProjectConfigurationPlatforms) = postSolution
		{6F26D7FF-6395-42D4-87FE-617A37D59897}.Debug|Any CPU.ActiveCfg = Debug|Any CPU
		{6F26D7FF-6395-42D4-87FE-617A37D59897}.Debug|Any CPU.Build.0 = Debug|Any CPU
		{6F26D7FF-6395-42D4-87FE-617A37D59897}.Release|Any CPU.ActiveCfg = Release|Any CPU
		{6F26D7FF-6395-42D4-87FE-617A37D59897}.Release|Any CPU.Build.0 = Release|Any CPU
		{EDDA41AB-A4D3-4F36-B9B0-818309CAEED6}.Debug|Any CPU.ActiveCfg = Debug|Any CPU
		{EDDA41AB-A4D3-4F36-B9B0-818309CAEED6}.Debug|Any CPU.Build.0 = Debug|Any CPU
		{EDDA41AB-A4D3-4F36-B9B0-818309CAEED6}.Release|Any CPU.ActiveCfg = Release|Any CPU
		{EDDA41AB-A4D3-4F36-B9B0-818309CAEED6}.Release|Any CPU.Build.0 = Release|Any CPU
		{E0543400-38E1-46A6-938C-694C1E11724D}.Debug|Any CPU.ActiveCfg = Debug|Any CPU
		{E0543400-38E1-46A6-938C-694C1E11724D}.Debug|Any CPU.Build.0 = Debug|Any CPU
		{E0543400-38E1-46A6-938C-694C1E11724D}.Release|Any CPU.ActiveCfg = Release|Any CPU
		{E0543400-38E1-46A6-938C-694C1E11724D}.Release|Any CPU.Build.0 = Release|Any CPU
		{8A59BCBC-D725-4CA2-B78B-7A568A00E3F9}.Debug|Any CPU.ActiveCfg = Debug|Any CPU
		{8A59BCBC-D725-4CA2-B78B-7A568A00E3F9}.Debug|Any CPU.Build.0 = Debug|Any CPU
		{8A59BCBC-D725-4CA2-B78B-7A568A00E3F9}.Release|Any CPU.ActiveCfg = Release|Any CPU
		{8A59BCBC-D725-4CA2-B78B-7A568A00E3F9}.Release|Any CPU.Build.0 = Release|Any CPU
		{6EF98771-79E9-45DF-ABDD-4A0742FDE53F}.Debug|Any CPU.ActiveCfg = Debug|Any CPU
		{6EF98771-79E9-45DF-ABDD-4A0742FDE53F}.Debug|Any CPU.Build.0 = Debug|Any CPU
		{6EF98771-79E9-45DF-ABDD-4A0742FDE53F}.Release|Any CPU.ActiveCfg = Release|Any CPU
		{6EF98771-79E9-45DF-ABDD-4A0742FDE53F}.Release|Any CPU.Build.0 = Release|Any CPU
		{FA9E89F7-7CF8-4B8E-AB3B-CFEC71669ED8}.Debug|Any CPU.ActiveCfg = Debug|Any CPU
		{FA9E89F7-7CF8-4B8E-AB3B-CFEC71669ED8}.Debug|Any CPU.Build.0 = Debug|Any CPU
		{FA9E89F7-7CF8-4B8E-AB3B-CFEC71669ED8}.Release|Any CPU.ActiveCfg = Release|Any CPU
		{FA9E89F7-7CF8-4B8E-AB3B-CFEC71669ED8}.Release|Any CPU.Build.0 = Release|Any CPU
		{DEBC8249-761C-4634-B940-2D306D6738C9}.Debug|Any CPU.ActiveCfg = Debug|Any CPU
		{DEBC8249-761C-4634-B940-2D306D6738C9}.Debug|Any CPU.Build.0 = Debug|Any CPU
		{DEBC8249-761C-4634-B940-2D306D6738C9}.Release|Any CPU.ActiveCfg = Release|Any CPU
		{DEBC8249-761C-4634-B940-2D306D6738C9}.Release|Any CPU.Build.0 = Release|Any CPU
		{31957E91-7F71-4AEE-8FD8-1311050E41D2}.Debug|Any CPU.ActiveCfg = Debug|Any CPU
		{31957E91-7F71-4AEE-8FD8-1311050E41D2}.Debug|Any CPU.Build.0 = Debug|Any CPU
		{31957E91-7F71-4AEE-8FD8-1311050E41D2}.Release|Any CPU.ActiveCfg = Release|Any CPU
		{31957E91-7F71-4AEE-8FD8-1311050E41D2}.Release|Any CPU.Build.0 = Release|Any CPU
	EndGlobalSection
	GlobalSection(SolutionProperties) = preSolution
		HideSolutionNode = FALSE
	EndGlobalSection
	GlobalSection(NestedProjects) = preSolution
		{6F26D7FF-6395-42D4-87FE-617A37D59897} = {FCA06C07-D9A6-44C5-8201-896676E417A5}
		{EDDA41AB-A4D3-4F36-B9B0-818309CAEED6} = {FCA06C07-D9A6-44C5-8201-896676E417A5}
		{E0543400-38E1-46A6-938C-694C1E11724D} = {2E439970-7622-45C8-9437-67BF599B3635}
		{8A59BCBC-D725-4CA2-B78B-7A568A00E3F9} = {2E439970-7622-45C8-9437-67BF599B3635}
		{6EF98771-79E9-45DF-ABDD-4A0742FDE53F} = {B819BB84-432D-4487-B9EC-757D7C2F7F0B}
		{FA9E89F7-7CF8-4B8E-AB3B-CFEC71669ED8} = {4083A87A-004A-444B-9971-23B88BB84530}
		{DEBC8249-761C-4634-B940-2D306D6738C9} = {FCA06C07-D9A6-44C5-8201-896676E417A5}
		{31957E91-7F71-4AEE-8FD8-1311050E41D2} = {FCA06C07-D9A6-44C5-8201-896676E417A5}
	EndGlobalSection
	GlobalSection(ExtensibilityGlobals) = postSolution
		SolutionGuid = {A80287BF-19EE-488E-807C-6B743006614C}
	EndGlobalSection
EndGlobal
